// !$*UTF8*$!
{
	archiveVersion = 1;
	classes = {
	};
	objectVersion = 50;
	objects = {

/* Begin PBXBuildFile section */
		84337ED12366CC570045F358 /* AppDelegate.swift in Sources */ = {isa = PBXBuildFile; fileRef = 84337ED02366CC570045F358 /* AppDelegate.swift */; };
		84337ED32366CC570045F358 /* SceneDelegate.swift in Sources */ = {isa = PBXBuildFile; fileRef = 84337ED22366CC570045F358 /* SceneDelegate.swift */; };
		84337ED52366CC570045F358 /* ViewController.swift in Sources */ = {isa = PBXBuildFile; fileRef = 84337ED42366CC570045F358 /* ViewController.swift */; };
		84337ED82366CC570045F358 /* Main.storyboard in Resources */ = {isa = PBXBuildFile; fileRef = 84337ED62366CC570045F358 /* Main.storyboard */; };
		84337EDA2366CC580045F358 /* Assets.xcassets in Resources */ = {isa = PBXBuildFile; fileRef = 84337ED92366CC580045F358 /* Assets.xcassets */; };
		84337EDD2366CC580045F358 /* LaunchScreen.storyboard in Resources */ = {isa = PBXBuildFile; fileRef = 84337EDB2366CC580045F358 /* LaunchScreen.storyboard */; };
		84337EE82366CC590045F358 /* AlamoFireGetDataTests.swift in Sources */ = {isa = PBXBuildFile; fileRef = 84337EE72366CC590045F358 /* AlamoFireGetDataTests.swift */; };
/* End PBXBuildFile section */

/* Begin PBXContainerItemProxy section */
		84337EE42366CC590045F358 /* PBXContainerItemProxy */ = {
			isa = PBXContainerItemProxy;
			containerPortal = 84337EC52366CC570045F358 /* Project object */;
			proxyType = 1;
			remoteGlobalIDString = 84337ECC2366CC570045F358;
			remoteInfo = AlamoFireGetData;
		};
/* End PBXContainerItemProxy section */

/* Begin PBXFileReference section */
		84337ECD2366CC570045F358 /* AlamoFireGetData.app */ = {isa = PBXFileReference; explicitFileType = wrapper.application; includeInIndex = 0; path = AlamoFireGetData.app; sourceTree = BUILT_PRODUCTS_DIR; };
		84337ED02366CC570045F358 /* AppDelegate.swift */ = {isa = PBXFileReference; lastKnownFileType = sourcecode.swift; path = AppDelegate.swift; sourceTree = "<group>"; };
		84337ED22366CC570045F358 /* SceneDelegate.swift */ = {isa = PBXFileReference; lastKnownFileType = sourcecode.swift; path = SceneDelegate.swift; sourceTree = "<group>"; };
		84337ED42366CC570045F358 /* ViewController.swift */ = {isa = PBXFileReference; lastKnownFileType = sourcecode.swift; path = ViewController.swift; sourceTree = "<group>"; };
		84337ED72366CC570045F358 /* Base */ = {isa = PBXFileReference; lastKnownFileType = file.storyboard; name = Base; path = Base.lproj/Main.storyboard; sourceTree = "<group>"; };
		84337ED92366CC580045F358 /* Assets.xcassets */ = {isa = PBXFileReference; lastKnownFileType = folder.assetcatalog; path = Assets.xcassets; sourceTree = "<group>"; };
		84337EDC2366CC580045F358 /* Base */ = {isa = PBXFileReference; lastKnownFileType = file.storyboard; name = Base; path = Base.lproj/LaunchScreen.storyboard; sourceTree = "<group>"; };
		84337EDE2366CC580045F358 /* Info.plist */ = {isa = PBXFileReference; lastKnownFileType = text.plist.xml; path = Info.plist; sourceTree = "<group>"; };
		84337EE32366CC590045F358 /* AlamoFireGetDataTests.xctest */ = {isa = PBXFileReference; explicitFileType = wrapper.cfbundle; includeInIndex = 0; path = AlamoFireGetDataTests.xctest; sourceTree = BUILT_PRODUCTS_DIR; };
		84337EE72366CC590045F358 /* AlamoFireGetDataTests.swift */ = {isa = PBXFileReference; lastKnownFileType = sourcecode.swift; path = AlamoFireGetDataTests.swift; sourceTree = "<group>"; };
		84337EE92366CC590045F358 /* Info.plist */ = {isa = PBXFileReference; lastKnownFileType = text.plist.xml; path = Info.plist; sourceTree = "<group>"; };
/* End PBXFileReference section */

/* Begin PBXFrameworksBuildPhase section */
		84337ECA2366CC570045F358 /* Frameworks */ = {
			isa = PBXFrameworksBuildPhase;
			buildActionMask = 2147483647;
			files = (
			);
			runOnlyForDeploymentPostprocessing = 0;
		};
		84337EE02366CC590045F358 /* Frameworks */ = {
			isa = PBXFrameworksBuildPhase;
			buildActionMask = 2147483647;
			files = (
			);
			runOnlyForDeploymentPostprocessing = 0;
		};
/* End PBXFrameworksBuildPhase section */

/* Begin PBXGroup section */
		84337EC42366CC570045F358 = {
			isa = PBXGroup;
			children = (
				84337ECF2366CC570045F358 /* AlamoFireGetData */,
				84337EE62366CC590045F358 /* AlamoFireGetDataTests */,
				84337ECE2366CC570045F358 /* Products */,
			);
			sourceTree = "<group>";
		};
		84337ECE2366CC570045F358 /* Products */ = {
			isa = PBXGroup;
			children = (
				84337ECD2366CC570045F358 /* AlamoFireGetData.app */,
				84337EE32366CC590045F358 /* AlamoFireGetDataTests.xctest */,
			);
			name = Products;
			sourceTree = "<group>";
		};
		84337ECF2366CC570045F358 /* AlamoFireGetData */ = {
			isa = PBXGroup;
			children = (
				84337ED02366CC570045F358 /* AppDelegate.swift */,
				84337ED22366CC570045F358 /* SceneDelegate.swift */,
				84337ED42366CC570045F358 /* ViewController.swift */,
				84337ED62366CC570045F358 /* Main.storyboard */,
				84337ED92366CC580045F358 /* Assets.xcassets */,
				84337EDB2366CC580045F358 /* LaunchScreen.storyboard */,
				84337EDE2366CC580045F358 /* Info.plist */,
			);
			path = AlamoFireGetData;
			sourceTree = "<group>";
		};
		84337EE62366CC590045F358 /* AlamoFireGetDataTests */ = {
			isa = PBXGroup;
			children = (
				84337EE72366CC590045F358 /* AlamoFireGetDataTests.swift */,
				84337EE92366CC590045F358 /* Info.plist */,
			);
			path = AlamoFireGetDataTests;
			sourceTree = "<group>";
		};
/* End PBXGroup section */

/* Begin PBXNativeTarget section */
		84337ECC2366CC570045F358 /* AlamoFireGetData */ = {
			isa = PBXNativeTarget;
			buildConfigurationList = 84337EEC2366CC590045F358 /* Build configuration list for PBXNativeTarget "AlamoFireGetData" */;
			buildPhases = (
				84337EC92366CC570045F358 /* Sources */,
				84337ECA2366CC570045F358 /* Frameworks */,
				84337ECB2366CC570045F358 /* Resources */,
			);
			buildRules = (
			);
			dependencies = (
			);
			name = AlamoFireGetData;
			productName = AlamoFireGetData;
			productReference = 84337ECD2366CC570045F358 /* AlamoFireGetData.app */;
			productType = "com.apple.product-type.application";
		};
		84337EE22366CC590045F358 /* AlamoFireGetDataTests */ = {
			isa = PBXNativeTarget;
			buildConfigurationList = 84337EEF2366CC590045F358 /* Build configuration list for PBXNativeTarget "AlamoFireGetDataTests" */;
			buildPhases = (
				84337EDF2366CC590045F358 /* Sources */,
				84337EE02366CC590045F358 /* Frameworks */,
				84337EE12366CC590045F358 /* Resources */,
			);
			buildRules = (
			);
			dependencies = (
				84337EE52366CC590045F358 /* PBXTargetDependency */,
			);
			name = AlamoFireGetDataTests;
			productName = AlamoFireGetDataTests;
			productReference = 84337EE32366CC590045F358 /* AlamoFireGetDataTests.xctest */;
			productType = "com.apple.product-type.bundle.unit-test";
		};
/* End PBXNativeTarget section */

/* Begin PBXProject section */
		84337EC52366CC570045F358 /* Project object */ = {
			isa = PBXProject;
			attributes = {
				LastSwiftUpdateCheck = 1110;
				LastUpgradeCheck = 1110;
				ORGANIZATIONNAME = "Brain Plow";
				TargetAttributes = {
					84337ECC2366CC570045F358 = {
						CreatedOnToolsVersion = 11.1;
					};
					84337EE22366CC590045F358 = {
						CreatedOnToolsVersion = 11.1;
						TestTargetID = 84337ECC2366CC570045F358;
					};
				};
			};
			buildConfigurationList = 84337EC82366CC570045F358 /* Build configuration list for PBXProject "AlamoFireGetData" */;
			compatibilityVersion = "Xcode 9.3";
			developmentRegion = en;
			hasScannedForEncodings = 0;
			knownRegions = (
				en,
				Base,
			);
			mainGroup = 84337EC42366CC570045F358;
			productRefGroup = 84337ECE2366CC570045F358 /* Products */;
			projectDirPath = "";
			projectRoot = "";
			targets = (
				84337ECC2366CC570045F358 /* AlamoFireGetData */,
				84337EE22366CC590045F358 /* AlamoFireGetDataTests */,
			);
		};
/* End PBXProject section */

/* Begin PBXResourcesBuildPhase section */
		84337ECB2366CC570045F358 /* Resources */ = {
			isa = PBXResourcesBuildPhase;
			buildActionMask = 2147483647;
			files = (
				84337EDD2366CC580045F358 /* LaunchScreen.storyboard in Resources */,
				84337EDA2366CC580045F358 /* Assets.xcassets in Resources */,
				84337ED82366CC570045F358 /* Main.storyboard in Resources */,
			);
			runOnlyForDeploymentPostprocessing = 0;
		};
		84337EE12366CC590045F358 /* Resources */ = {
			isa = PBXResourcesBuildPhase;
			buildActionMask = 2147483647;
			files = (
			);
			runOnlyForDeploymentPostprocessing = 0;
		};
/* End PBXResourcesBuildPhase section */

/* Begin PBXSourcesBuildPhase section */
		84337EC92366CC570045F358 /* Sources */ = {
			isa = PBXSourcesBuildPhase;
			buildActionMask = 2147483647;
			files = (
				84337ED52366CC570045F358 /* ViewController.swift in Sources */,
				84337ED12366CC570045F358 /* AppDelegate.swift in Sources */,
				84337ED32366CC570045F358 /* SceneDelegate.swift in Sources */,
			);
			runOnlyForDeploymentPostprocessing = 0;
		};
		84337EDF2366CC590045F358 /* Sources */ = {
			isa = PBXSourcesBuildPhase;
			buildActionMask = 2147483647;
			files = (
				84337EE82366CC590045F358 /* AlamoFireGetDataTests.swift in Sources */,
			);
			runOnlyForDeploymentPostprocessing = 0;
		};
/* End PBXSourcesBuildPhase section */

/* Begin PBXTargetDependency section */
		84337EE52366CC590045F358 /* PBXTargetDependency */ = {
			isa = PBXTargetDependency;
			target = 84337ECC2366CC570045F358 /* AlamoFireGetData */;
			targetProxy = 84337EE42366CC590045F358 /* PBXContainerItemProxy */;
		};
/* End PBXTargetDependency section */

/* Begin PBXVariantGroup section */
		84337ED62366CC570045F358 /* Main.storyboard */ = {
			isa = PBXVariantGroup;
			children = (
				84337ED72366CC570045F358 /* Base */,
			);
			name = Main.storyboard;
			sourceTree = "<group>";
		};
		84337EDB2366CC580045F358 /* LaunchScreen.storyboard */ = {
			isa = PBXVariantGroup;
			children = (
				84337EDC2366CC580045F358 /* Base */,
			);
			name = LaunchScreen.storyboard;
			sourceTree = "<group>";
		};
/* End PBXVariantGroup section */

/* Begin XCBuildConfiguration section */
		84337EEA2366CC590045F358 /* Debug */ = {
			isa = XCBuildConfiguration;
			buildSettings = {
				ALWAYS_SEARCH_USER_PATHS = NO;
				CLANG_ANALYZER_NONNULL = YES;
				CLANG_ANALYZER_NUMBER_OBJECT_CONVERSION = YES_AGGRESSIVE;
				CLANG_CXX_LANGUAGE_STANDARD = "gnu++14";
				CLANG_CXX_LIBRARY = "libc++";
				CLANG_ENABLE_MODULES = YES;
				CLANG_ENABLE_OBJC_ARC = YES;
				CLANG_ENABLE_OBJC_WEAK = YES;
				CLANG_WARN_BLOCK_CAPTURE_AUTORELEASING = YES;
				CLANG_WARN_BOOL_CONVERSION = YES;
				CLANG_WARN_COMMA = YES;
				CLANG_WARN_CONSTANT_CONVERSION = YES;
				CLANG_WARN_DEPRECATED_OBJC_IMPLEMENTATIONS = YES;
				CLANG_WARN_DIRECT_OBJC_ISA_USAGE = YES_ERROR;
				CLANG_WARN_DOCUMENTATION_COMMENTS = YES;
				CLANG_WARN_EMPTY_BODY = YES;
				CLANG_WARN_ENUM_CONVERSION = YES;
				CLANG_WARN_INFINITE_RECURSION = YES;
				CLANG_WARN_INT_CONVERSION = YES;
				CLANG_WARN_NON_LITERAL_NULL_CONVERSION = YES;
				CLANG_WARN_OBJC_IMPLICIT_RETAIN_SELF = YES;
				CLANG_WARN_OBJC_LITERAL_CONVERSION = YES;
				CLANG_WARN_OBJC_ROOT_CLASS = YES_ERROR;
				CLANG_WARN_RANGE_LOOP_ANALYSIS = YES;
				CLANG_WARN_STRICT_PROTOTYPES = YES;
				CLANG_WARN_SUSPICIOUS_MOVE = YES;
				CLANG_WARN_UNGUARDED_AVAILABILITY = YES_AGGRESSIVE;
				CLANG_WARN_UNREACHABLE_CODE = YES;
				CLANG_WARN__DUPLICATE_METHOD_MATCH = YES;
				COPY_PHASE_STRIP = NO;
				DEBUG_INFORMATION_FORMAT = dwarf;
				ENABLE_STRICT_OBJC_MSGSEND = YES;
				ENABLE_TESTABILITY = YES;
				GCC_C_LANGUAGE_STANDARD = gnu11;
				GCC_DYNAMIC_NO_PIC = NO;
				GCC_NO_COMMON_BLOCKS = YES;
				GCC_OPTIMIZATION_LEVEL = 0;
				GCC_PREPROCESSOR_DEFINITIONS = (
					"DEBUG=1",
					"$(inherited)",
				);
				GCC_WARN_64_TO_32_BIT_CONVERSION = YES;
				GCC_WARN_ABOUT_RETURN_TYPE = YES_ERROR;
				GCC_WARN_UNDECLARED_SELECTOR = YES;
				GCC_WARN_UNINITIALIZED_AUTOS = YES_AGGRESSIVE;
				GCC_WARN_UNUSED_FUNCTION = YES;
				GCC_WARN_UNUSED_VARIABLE = YES;
				IPHONEOS_DEPLOYMENT_TARGET = 13.1;
				MTL_ENABLE_DEBUG_INFO = INCLUDE_SOURCE;
				MTL_FAST_MATH = YES;
				ONLY_ACTIVE_ARCH = YES;
				SDKROOT = iphoneos;
				SWIFT_ACTIVE_COMPILATION_CONDITIONS = DEBUG;
				SWIFT_OPTIMIZATION_LEVEL = "-Onone";
			};
			name = Debug;
		};
		84337EEB2366CC590045F358 /* Release */ = {
			isa = XCBuildConfiguration;
			buildSettings = {
				ALWAYS_SEARCH_USER_PATHS = NO;
				CLANG_ANALYZER_NONNULL = YES;
				CLANG_ANALYZER_NUMBER_OBJECT_CONVERSION = YES_AGGRESSIVE;
				CLANG_CXX_LANGUAGE_STANDARD = "gnu++14";
				CLANG_CXX_LIBRARY = "libc++";
				CLANG_ENABLE_MODULES = YES;
				CLANG_ENABLE_OBJC_ARC = YES;
				CLANG_ENABLE_OBJC_WEAK = YES;
				CLANG_WARN_BLOCK_CAPTURE_AUTORELEASING = YES;
				CLANG_WARN_BOOL_CONVERSION = YES;
				CLANG_WARN_COMMA = YES;
				CLANG_WARN_CONSTANT_CONVERSION = YES;
				CLANG_WARN_DEPRECATED_OBJC_IMPLEMENTATIONS = YES;
				CLANG_WARN_DIRECT_OBJC_ISA_USAGE = YES_ERROR;
				CLANG_WARN_DOCUMENTATION_COMMENTS = YES;
				CLANG_WARN_EMPTY_BODY = YES;
				CLANG_WARN_ENUM_CONVERSION = YES;
				CLANG_WARN_INFINITE_RECURSION = YES;
				CLANG_WARN_INT_CONVERSION = YES;
				CLANG_WARN_NON_LITERAL_NULL_CONVERSION = YES;
				CLANG_WARN_OBJC_IMPLICIT_RETAIN_SELF = YES;
				CLANG_WARN_OBJC_LITERAL_CONVERSION = YES;
				CLANG_WARN_OBJC_ROOT_CLASS = YES_ERROR;
				CLANG_WARN_RANGE_LOOP_ANALYSIS = YES;
				CLANG_WARN_STRICT_PROTOTYPES = YES;
				CLANG_WARN_SUSPICIOUS_MOVE = YES;
				CLANG_WARN_UNGUARDED_AVAILABILITY = YES_AGGRESSIVE;
				CLANG_WARN_UNREACHABLE_CODE = YES;
				CLANG_WARN__DUPLICATE_METHOD_MATCH = YES;
				COPY_PHASE_STRIP = NO;
				DEBUG_INFORMATION_FORMAT = "dwarf-with-dsym";
				ENABLE_NS_ASSERTIONS = NO;
				ENABLE_STRICT_OBJC_MSGSEND = YES;
				GCC_C_LANGUAGE_STANDARD = gnu11;
				GCC_NO_COMMON_BLOCKS = YES;
				GCC_WARN_64_TO_32_BIT_CONVERSION = YES;
				GCC_WARN_ABOUT_RETURN_TYPE = YES_ERROR;
				GCC_WARN_UNDECLARED_SELECTOR = YES;
				GCC_WARN_UNINITIALIZED_AUTOS = YES_AGGRESSIVE;
				GCC_WARN_UNUSED_FUNCTION = YES;
				GCC_WARN_UNUSED_VARIABLE = YES;
				IPHONEOS_DEPLOYMENT_TARGET = 13.1;
				MTL_ENABLE_DEBUG_INFO = NO;
				MTL_FAST_MATH = YES;
				SDKROOT = iphoneos;
				SWIFT_COMPILATION_MODE = wholemodule;
				SWIFT_OPTIMIZATION_LEVEL = "-O";
				VALIDATE_PRODUCT = YES;
			};
			name = Release;
		};
		84337EED2366CC590045F358 /* Debug */ = {
			isa = XCBuildConfiguration;
			buildSettings = {
				ASSETCATALOG_COMPILER_APPICON_NAME = AppIcon;
				CODE_SIGN_STYLE = Automatic;
				DEVELOPMENT_TEAM = 7X6AR44722;
				INFOPLIST_FILE = AlamoFireGetData/Info.plist;
				LD_RUNPATH_SEARCH_PATHS = (
					"$(inherited)",
					"@executable_path/Frameworks",
				);
				PRODUCT_BUNDLE_IDENTIFIER = com.brainplow.AlamoFireGetData;
				PRODUCT_NAME = "$(TARGET_NAME)";
				SWIFT_VERSION = 5.0;
				TARGETED_DEVICE_FAMILY = "1,2";
			};
			name = Debug;
		};
		84337EEE2366CC590045F358 /* Release */ = {
			isa = XCBuildConfiguration;
			buildSettings = {
				ASSETCATALOG_COMPILER_APPICON_NAME = AppIcon;
				CODE_SIGN_STYLE = Automatic;
				DEVELOPMENT_TEAM = 7X6AR44722;
				INFOPLIST_FILE = AlamoFireGetData/Info.plist;
				LD_RUNPATH_SEARCH_PATHS = (
					"$(inherited)",
					"@executable_path/Frameworks",
				);
				PRODUCT_BUNDLE_IDENTIFIER = com.brainplow.AlamoFireGetData;
				PRODUCT_NAME = "$(TARGET_NAME)";
				SWIFT_VERSION = 5.0;
				TARGETED_DEVICE_FAMILY = "1,2";
			};
			name = Release;
		};
		84337EF02366CC590045F358 /* Debug */ = {
			isa = XCBuildConfiguration;
			buildSettings = {
				ALWAYS_EMBED_SWIFT_STANDARD_LIBRARIES = YES;
				BUNDLE_LOADER = "$(TEST_HOST)";
				CODE_SIGN_STYLE = Automatic;
				DEVELOPMENT_TEAM = 7X6AR44722;
				INFOPLIST_FILE = AlamoFireGetDataTests/Info.plist;
				IPHONEOS_DEPLOYMENT_TARGET = 13.1;
				LD_RUNPATH_SEARCH_PATHS = (
					"$(inherited)",
					"@executable_path/Frameworks",
					"@loader_path/Frameworks",
				);
				PRODUCT_BUNDLE_IDENTIFIER = com.brainplow.AlamoFireGetDataTests;
				PRODUCT_NAME = "$(TARGET_NAME)";
				SWIFT_VERSION = 5.0;
				TARGETED_DEVICE_FAMILY = "1,2";
				TEST_HOST = "$(BUILT_PRODUCTS_DIR)/AlamoFireGetData.app/AlamoFireGetData";
			};
			name = Debug;
		};
		84337EF12366CC590045F358 /* Release */ = {
			isa = XCBuildConfiguration;
			buildSettings = {
				ALWAYS_EMBED_SWIFT_STANDARD_LIBRARIES = YES;
				BUNDLE_LOADER = "$(TEST_HOST)";
				CODE_SIGN_STYLE = Automatic;
				DEVELOPMENT_TEAM = 7X6AR44722;
				INFOPLIST_FILE = AlamoFireGetDataTests/Info.plist;
				IPHONEOS_DEPLOYMENT_TARGET = 13.1;
				LD_RUNPATH_SEARCH_PATHS = (
					"$(inherited)",
					"@executable_path/Frameworks",
					"@loader_path/Frameworks",
				);
				PRODUCT_BUNDLE_IDENTIFIER = com.brainplow.AlamoFireGetDataTests;
				PRODUCT_NAME = "$(TARGET_NAME)";
				SWIFT_VERSION = 5.0;
				TARGETED_DEVICE_FAMILY = "1,2";
				TEST_HOST = "$(BUILT_PRODUCTS_DIR)/AlamoFireGetData.app/AlamoFireGetData";
			};
			name = Release;
		};
/* End XCBuildConfiguration section */

/* Begin XCConfigurationList section */
		84337EC82366CC570045F358 /* Build configuration list for PBXProject "AlamoFireGetData" */ = {
			isa = XCConfigurationList;
			buildConfigurations = (
				84337EEA2366CC590045F358 /* Debug */,
				84337EEB2366CC590045F358 /* Release */,
			);
			defaultConfigurationIsVisible = 0;
			defaultConfigurationName = Release;
		};
		84337EEC2366CC590045F358 /* Build configuration list for PBXNativeTarget "AlamoFireGetData" */ = {
			isa = XCConfigurationList;
			buildConfigurations = (
				84337EED2366CC590045F358 /* Debug */,
				84337EEE2366CC590045F358 /* Release */,
			);
			defaultConfigurationIsVisible = 0;
			defaultConfigurationName = Release;
		};
		84337EEF2366CC590045F358 /* Build configuration list for PBXNativeTarget "AlamoFireGetDataTests" */ = {
			isa = XCConfigurationList;
			buildConfigurations = (
				84337EF02366CC590045F358 /* Debug */,
				84337EF12366CC590045F358 /* Release */,
			);
			defaultConfigurationIsVisible = 0;
			defaultConfigurationName = Release;
		};
/* End XCConfigurationList section */
	};
	rootObject = 84337EC52366CC570045F358 /* Project object */;
}
