PODS:
  - Alamofire (3.5.1)
  - SwiftyJSON (5.0.0)

DEPENDENCIES:
  - Alamofire (~> 3.0)
  - SwiftyJSON

SPEC REPOS:
  trunk:
    - Alamofire
    - SwiftyJSON

SPEC CHECKSUMS:
  Alamofire: 0dfba1184a543e2aa160f4e39cac4e8aba48d223
  SwiftyJSON: 36413e04c44ee145039d332b4f4e2d3e8d6c4db7

PODFILE CHECKSUM: ff0397f87e04a6a971561cd188484da67a31b4f4

COCOAPODS: 1.8.4
